// !$*UTF8*$!
{
	archiveVersion = 1;
	classes = {
	};
	objectVersion = 46;
	objects = {

/* Begin PBXBuildFile section */
		2D5D89211B0B8BFF009382EC /* AppDelegate.m in Sources */ = {isa = PBXBuildFile; fileRef = 2D5D89181B0B8BFF009382EC /* AppDelegate.m */; };
		2D5D89251B0B8BFF009382EC /* JPViewController.m in Sources */ = {isa = PBXBuildFile; fileRef = 2D5D891E1B0B8BFF009382EC /* JPViewController.m */; };
		2D6D12FD1B0B8CF20095A435 /* Images.xcassets in Resources */ = {isa = PBXBuildFile; fileRef = 2D6D12FA1B0B8CF20095A435 /* Images.xcassets */; };
		2D6D12FF1B0B8CF20095A435 /* main.m in Sources */ = {isa = PBXBuildFile; fileRef = 2D6D12FC1B0B8CF20095A435 /* main.m */; };
		2D6D13011B0B8CFF0095A435 /* demo.js in Resources */ = {isa = PBXBuildFile; fileRef = 2D6D13001B0B8CFF0095A435 /* demo.js */; };
		5EFE7B6620DB5F7F005802F3 /* Launch Screen.storyboard in Resources */ = {isa = PBXBuildFile; fileRef = 5EFE7B6520DB5F7F005802F3 /* Launch Screen.storyboard */; };
		5EFE7B8B20DBB31A005802F3 /* mmm.jpeg in Resources */ = {isa = PBXBuildFile; fileRef = 5EFE7B8A20DBB31A005802F3 /* mmm.jpeg */; };
		5EFE7B8D20DBB329005802F3 /* fff.jpeg in Resources */ = {isa = PBXBuildFile; fileRef = 5EFE7B8C20DBB329005802F3 /* fff.jpeg */; };
		5EFE7B9920E24189005802F3 /* JavaScriptCore.framework in Frameworks */ = {isa = PBXBuildFile; fileRef = 5EFE7B9820E24189005802F3 /* JavaScriptCore.framework */; };
		5EFE7B9B20E24195005802F3 /* libz.1.tbd in Frameworks */ = {isa = PBXBuildFile; fileRef = 5EFE7B9A20E24195005802F3 /* libz.1.tbd */; };
		5EFE7BA020E39AE3005802F3 /* JPEngine.m in Sources */ = {isa = PBXBuildFile; fileRef = 5EFE7B9D20E39AE3005802F3 /* JPEngine.m */; };
		5EFE7BA120E39AE3005802F3 /* JSPatch.js in Resources */ = {isa = PBXBuildFile; fileRef = 5EFE7B9F20E39AE3005802F3 /* JSPatch.js */; };
/* End PBXBuildFile section */

/* Begin PBXFileReference section */
		2D5D89171B0B8BFF009382EC /* AppDelegate.h */ = {isa = PBXFileReference; fileEncoding = 4; lastKnownFileType = sourcecode.c.h; path = AppDelegate.h; sourceTree = "<group>"; };
		2D5D89181B0B8BFF009382EC /* AppDelegate.m */ = {isa = PBXFileReference; fileEncoding = 4; lastKnownFileType = sourcecode.c.objc; path = AppDelegate.m; sourceTree = "<group>"; };
		2D5D891D1B0B8BFF009382EC /* JPViewController.h */ = {isa = PBXFileReference; fileEncoding = 4; lastKnownFileType = sourcecode.c.h; path = JPViewController.h; sourceTree = "<group>"; };
		2D5D891E1B0B8BFF009382EC /* JPViewController.m */ = {isa = PBXFileReference; fileEncoding = 4; lastKnownFileType = sourcecode.c.objc; path = JPViewController.m; sourceTree = "<group>"; };
		2D6D12FA1B0B8CF20095A435 /* Images.xcassets */ = {isa = PBXFileReference; lastKnownFileType = folder.assetcatalog; path = Images.xcassets; sourceTree = "<group>"; };
		2D6D12FB1B0B8CF20095A435 /* Info.plist */ = {isa = PBXFileReference; fileEncoding = 4; lastKnownFileType = text.plist.xml; path = Info.plist; sourceTree = "<group>"; };
		2D6D12FC1B0B8CF20095A435 /* main.m */ = {isa = PBXFileReference; fileEncoding = 4; lastKnownFileType = sourcecode.c.objc; path = main.m; sourceTree = "<group>"; };
		2D6D13001B0B8CFF0095A435 /* demo.js */ = {isa = PBXFileReference; fileEncoding = 4; lastKnownFileType = sourcecode.javascript; path = demo.js; sourceTree = "<group>"; };
		5EFE7B6520DB5F7F005802F3 /* Launch Screen.storyboard */ = {isa = PBXFileReference; lastKnownFileType = file.storyboard; path = "Launch Screen.storyboard"; sourceTree = "<group>"; };
		5EFE7B8A20DBB31A005802F3 /* mmm.jpeg */ = {isa = PBXFileReference; lastKnownFileType = image.jpeg; path = mmm.jpeg; sourceTree = "<group>"; };
		5EFE7B8C20DBB329005802F3 /* fff.jpeg */ = {isa = PBXFileReference; lastKnownFileType = image.jpeg; path = fff.jpeg; sourceTree = "<group>"; };
		5EFE7B9820E24189005802F3 /* JavaScriptCore.framework */ = {isa = PBXFileReference; lastKnownFileType = wrapper.framework; name = JavaScriptCore.framework; path = System/Library/Frameworks/JavaScriptCore.framework; sourceTree = SDKROOT; };
		5EFE7B9A20E24195005802F3 /* libz.1.tbd */ = {isa = PBXFileReference; lastKnownFileType = "sourcecode.text-based-dylib-definition"; name = libz.1.tbd; path = usr/lib/libz.1.tbd; sourceTree = SDKROOT; };
		5EFE7B9D20E39AE3005802F3 /* JPEngine.m */ = {isa = PBXFileReference; fileEncoding = 4; lastKnownFileType = sourcecode.c.objc; path = JPEngine.m; sourceTree = "<group>"; };
		5EFE7B9E20E39AE3005802F3 /* JPEngine.h */ = {isa = PBXFileReference; fileEncoding = 4; lastKnownFileType = sourcecode.c.h; path = JPEngine.h; sourceTree = "<group>"; };
		5EFE7B9F20E39AE3005802F3 /* JSPatch.js */ = {isa = PBXFileReference; fileEncoding = 4; lastKnownFileType = sourcecode.javascript; path = JSPatch.js; sourceTree = "<group>"; };
		DE94AE0B1AF246BF00E461D4 /* JSPatchDemo.app */ = {isa = PBXFileReference; explicitFileType = wrapper.application; includeInIndex = 0; path = JSPatchDemo.app; sourceTree = BUILT_PRODUCTS_DIR; };
/* End PBXFileReference section */

/* Begin PBXFrameworksBuildPhase section */
		DE94AE081AF246BF00E461D4 /* Frameworks */ = {
			isa = PBXFrameworksBuildPhase;
			buildActionMask = 2147483647;
			files = (
				5EFE7B9B20E24195005802F3 /* libz.1.tbd in Frameworks */,
				5EFE7B9920E24189005802F3 /* JavaScriptCore.framework in Frameworks */,
			);
			runOnlyForDeploymentPostprocessing = 0;
		};
/* End PBXFrameworksBuildPhase section */

/* Begin PBXGroup section */
		2D5D89161B0B8BFF009382EC /* JSPatchDemo */ = {
			isa = PBXGroup;
			children = (
				5EFE7B9C20E39AE3005802F3 /* JSPatch */,
				2D5D89171B0B8BFF009382EC /* AppDelegate.h */,
				2D5D89181B0B8BFF009382EC /* AppDelegate.m */,
				2D5D891D1B0B8BFF009382EC /* JPViewController.h */,
				2D5D891E1B0B8BFF009382EC /* JPViewController.m */,
				2D6D13001B0B8CFF0095A435 /* demo.js */,
				2D6D12F91B0B8CF20095A435 /* Supporting Files */,
			);
			path = JSPatchDemo;
			sourceTree = "<group>";
		};
		2D6D12F91B0B8CF20095A435 /* Supporting Files */ = {
			isa = PBXGroup;
			children = (
				5EFE7B8C20DBB329005802F3 /* fff.jpeg */,
				5EFE7B8A20DBB31A005802F3 /* mmm.jpeg */,
				2D6D12FA1B0B8CF20095A435 /* Images.xcassets */,
				2D6D12FB1B0B8CF20095A435 /* Info.plist */,
				2D6D12FC1B0B8CF20095A435 /* main.m */,
				5EFE7B6520DB5F7F005802F3 /* Launch Screen.storyboard */,
			);
			path = "Supporting Files";
			sourceTree = "<group>";
		};
		5EFE7B9720E24189005802F3 /* Frameworks */ = {
			isa = PBXGroup;
			children = (
				5EFE7B9A20E24195005802F3 /* libz.1.tbd */,
				5EFE7B9820E24189005802F3 /* JavaScriptCore.framework */,
			);
			name = Frameworks;
			sourceTree = "<group>";
		};
		5EFE7B9C20E39AE3005802F3 /* JSPatch */ = {
			isa = PBXGroup;
			children = (
				5EFE7B9D20E39AE3005802F3 /* JPEngine.m */,
				5EFE7B9E20E39AE3005802F3 /* JPEngine.h */,
				5EFE7B9F20E39AE3005802F3 /* JSPatch.js */,
			);
			name = JSPatch;
			path = ../../JSPatch;
			sourceTree = "<group>";
		};
		DE94AE021AF246BE00E461D4 = {
			isa = PBXGroup;
			children = (
				2D5D89161B0B8BFF009382EC /* JSPatchDemo */,
				DE94AE0C1AF246BF00E461D4 /* Products */,
				5EFE7B9720E24189005802F3 /* Frameworks */,
			);
			sourceTree = "<group>";
		};
		DE94AE0C1AF246BF00E461D4 /* Products */ = {
			isa = PBXGroup;
			children = (
				DE94AE0B1AF246BF00E461D4 /* JSPatchDemo.app */,
			);
			name = Products;
			sourceTree = "<group>";
		};
/* End PBXGroup section */

/* Begin PBXNativeTarget section */
		DE94AE0A1AF246BF00E461D4 /* JSPatchDemo */ = {
			isa = PBXNativeTarget;
			buildConfigurationList = DE94AE2E1AF246C000E461D4 /* Build configuration list for PBXNativeTarget "JSPatchDemo" */;
			buildPhases = (
				DE94AE071AF246BF00E461D4 /* Sources */,
				DE94AE081AF246BF00E461D4 /* Frameworks */,
				DE94AE091AF246BF00E461D4 /* Resources */,
			);
			buildRules = (
			);
			dependencies = (
			);
			name = JSPatchDemo;
			productName = JSPatch;
			productReference = DE94AE0B1AF246BF00E461D4 /* JSPatchDemo.app */;
			productType = "com.apple.product-type.application";
		};
/* End PBXNativeTarget section */

/* Begin PBXProject section */
		DE94AE031AF246BF00E461D4 /* Project object */ = {
			isa = PBXProject;
			attributes = {
				LastUpgradeCheck = 0620;
				ORGANIZATIONNAME = bang;
				TargetAttributes = {
					DE94AE0A1AF246BF00E461D4 = {
						CreatedOnToolsVersion = 6.2;
						DevelopmentTeam = LW5266U92D;
						ProvisioningStyle = Automatic;
					};
				};
			};
			buildConfigurationList = DE94AE061AF246BF00E461D4 /* Build configuration list for PBXProject "JSPatchDemo" */;
			compatibilityVersion = "Xcode 3.2";
			developmentRegion = English;
			hasScannedForEncodings = 0;
			knownRegions = (
				en,
				Base,
			);
			mainGroup = DE94AE021AF246BE00E461D4;
			productRefGroup = DE94AE0C1AF246BF00E461D4 /* Products */;
			projectDirPath = "";
			projectRoot = "";
			targets = (
				DE94AE0A1AF246BF00E461D4 /* JSPatchDemo */,
			);
		};
/* End PBXProject section */

/* Begin PBXResourcesBuildPhase section */
		DE94AE091AF246BF00E461D4 /* Resources */ = {
			isa = PBXResourcesBuildPhase;
			buildActionMask = 2147483647;
			files = (
				5EFE7BA120E39AE3005802F3 /* JSPatch.js in Resources */,
				5EFE7B8B20DBB31A005802F3 /* mmm.jpeg in Resources */,
				5EFE7B8D20DBB329005802F3 /* fff.jpeg in Resources */,
				2D6D12FD1B0B8CF20095A435 /* Images.xcassets in Resources */,
				2D6D13011B0B8CFF0095A435 /* demo.js in Resources */,
				5EFE7B6620DB5F7F005802F3 /* Launch Screen.storyboard in Resources */,
			);
			runOnlyForDeploymentPostprocessing = 0;
		};
/* End PBXResourcesBuildPhase section */

/* Begin PBXSourcesBuildPhase section */
		DE94AE071AF246BF00E461D4 /* Sources */ = {
			isa = PBXSourcesBuildPhase;
			buildActionMask = 2147483647;
			files = (
				2D5D89211B0B8BFF009382EC /* AppDelegate.m in Sources */,
				5EFE7BA020E39AE3005802F3 /* JPEngine.m in Sources */,
				2D5D89251B0B8BFF009382EC /* JPViewController.m in Sources */,
				2D6D12FF1B0B8CF20095A435 /* main.m in Sources */,
			);
			runOnlyForDeploymentPostprocessing = 0;
		};
/* End PBXSourcesBuildPhase section */

/* Begin XCBuildConfiguration section */
		DE94AE2C1AF246C000E461D4 /* Debug */ = {
			isa = XCBuildConfiguration;
			buildSettings = {
				ALWAYS_SEARCH_USER_PATHS = NO;
				CLANG_CXX_LANGUAGE_STANDARD = "gnu++0x";
				CLANG_CXX_LIBRARY = "libc++";
				CLANG_ENABLE_MODULES = YES;
				CLANG_ENABLE_OBJC_ARC = YES;
				CLANG_WARN_BOOL_CONVERSION = YES;
				CLANG_WARN_CONSTANT_CONVERSION = YES;
				CLANG_WARN_DIRECT_OBJC_ISA_USAGE = YES_ERROR;
				CLANG_WARN_EMPTY_BODY = YES;
				CLANG_WARN_ENUM_CONVERSION = YES;
				CLANG_WARN_INT_CONVERSION = YES;
				CLANG_WARN_OBJC_ROOT_CLASS = YES_ERROR;
				CLANG_WARN_UNREACHABLE_CODE = YES;
				CLANG_WARN__DUPLICATE_METHOD_MATCH = YES;
				"CODE_SIGN_IDENTITY[sdk=iphoneos*]" = "iPhone Developer";
				COPY_PHASE_STRIP = NO;
				ENABLE_STRICT_OBJC_MSGSEND = YES;
				GCC_C_LANGUAGE_STANDARD = gnu99;
				GCC_DYNAMIC_NO_PIC = NO;
				GCC_OPTIMIZATION_LEVEL = 0;
				GCC_PREPROCESSOR_DEFINITIONS = (
					"DEBUG=1",
					"$(inherited)",
				);
				GCC_SYMBOLS_PRIVATE_EXTERN = NO;
				GCC_WARN_64_TO_32_BIT_CONVERSION = YES;
				GCC_WARN_ABOUT_RETURN_TYPE = YES_ERROR;
				GCC_WARN_UNDECLARED_SELECTOR = YES;
				GCC_WARN_UNINITIALIZED_AUTOS = YES_AGGRESSIVE;
				GCC_WARN_UNUSED_FUNCTION = YES;
				GCC_WARN_UNUSED_VARIABLE = YES;
				IPHONEOS_DEPLOYMENT_TARGET = 8.0;
				MTL_ENABLE_DEBUG_INFO = YES;
				ONLY_ACTIVE_ARCH = YES;
				SDKROOT = iphoneos;
				TARGETED_DEVICE_FAMILY = "1,2";
			};
			name = Debug;
		};
		DE94AE2D1AF246C000E461D4 /* Release */ = {
			isa = XCBuildConfiguration;
			buildSettings = {
				ALWAYS_SEARCH_USER_PATHS = NO;
				CLANG_CXX_LANGUAGE_STANDARD = "gnu++0x";
				CLANG_CXX_LIBRARY = "libc++";
				CLANG_ENABLE_MODULES = YES;
				CLANG_ENABLE_OBJC_ARC = YES;
				CLANG_WARN_BOOL_CONVERSION = YES;
				CLANG_WARN_CONSTANT_CONVERSION = YES;
				CLANG_WARN_DIRECT_OBJC_ISA_USAGE = YES_ERROR;
				CLANG_WARN_EMPTY_BODY = YES;
				CLANG_WARN_ENUM_CONVERSION = YES;
				CLANG_WARN_INT_CONVERSION = YES;
				CLANG_WARN_OBJC_ROOT_CLASS = YES_ERROR;
				CLANG_WARN_UNREACHABLE_CODE = YES;
				CLANG_WARN__DUPLICATE_METHOD_MATCH = YES;
				"CODE_SIGN_IDENTITY[sdk=iphoneos*]" = "iPhone Developer";
				COPY_PHASE_STRIP = YES;
				ENABLE_NS_ASSERTIONS = NO;
				ENABLE_STRICT_OBJC_MSGSEND = YES;
				GCC_C_LANGUAGE_STANDARD = gnu99;
				GCC_WARN_64_TO_32_BIT_CONVERSION = YES;
				GCC_WARN_ABOUT_RETURN_TYPE = YES_ERROR;
				GCC_WARN_UNDECLARED_SELECTOR = YES;
				GCC_WARN_UNINITIALIZED_AUTOS = YES_AGGRESSIVE;
				GCC_WARN_UNUSED_FUNCTION = YES;
				GCC_WARN_UNUSED_VARIABLE = YES;
				IPHONEOS_DEPLOYMENT_TARGET = 8.0;
				MTL_ENABLE_DEBUG_INFO = NO;
				SDKROOT = iphoneos;
				TARGETED_DEVICE_FAMILY = "1,2";
				VALIDATE_PRODUCT = YES;
			};
			name = Release;
		};
		DE94AE2F1AF246C000E461D4 /* Debug */ = {
			isa = XCBuildConfiguration;
			buildSettings = {
				ALWAYS_SEARCH_USER_PATHS = NO;
				ASSETCATALOG_COMPILER_APPICON_NAME = AppIcon;
				CODE_SIGN_IDENTITY = "iPhone Developer";
				CODE_SIGN_STYLE = Automatic;
				DEVELOPMENT_TEAM = LW5266U92D;
				GCC_C_LANGUAGE_STANDARD = gnu99;
				INFOPLIST_FILE = "$(SRCROOT)/JSPatchDemo/Supporting Files/Info.plist";
				IPHONEOS_DEPLOYMENT_TARGET = 8.0;
				LD_GENERATE_MAP_FILE = YES;
				LD_RUNPATH_SEARCH_PATHS = "$(inherited) @executable_path/Frameworks";
				LIBRARY_SEARCH_PATHS = "";
				ONLY_ACTIVE_ARCH = NO;
				OTHER_LDFLAGS = "";
				PRODUCT_BUNDLE_IDENTIFIER = com.mob.product.MobLink;
				PRODUCT_NAME = JSPatchDemo;
				PROVISIONING_PROFILE = "";
				PROVISIONING_PROFILE_SPECIFIER = "";
			};
			name = Debug;
		};
		DE94AE301AF246C000E461D4 /* Release */ = {
			isa = XCBuildConfiguration;
			buildSettings = {
				ALWAYS_SEARCH_USER_PATHS = NO;
				ASSETCATALOG_COMPILER_APPICON_NAME = AppIcon;
				CODE_SIGN_IDENTITY = "iPhone Distribution";
				CODE_SIGN_STYLE = Automatic;
				DEVELOPMENT_TEAM = LW5266U92D;
				GCC_C_LANGUAGE_STANDARD = gnu99;
				GCC_SYMBOLS_PRIVATE_EXTERN = NO;
				INFOPLIST_FILE = "$(SRCROOT)/JSPatchDemo/Supporting Files/Info.plist";
				IPHONEOS_DEPLOYMENT_TARGET = 8.0;
				LD_GENERATE_MAP_FILE = YES;
				LD_RUNPATH_SEARCH_PATHS = "$(inherited) @executable_path/Frameworks";
				LIBRARY_SEARCH_PATHS = "";
				ONLY_ACTIVE_ARCH = NO;
				OTHER_LDFLAGS = "";
				PRODUCT_BUNDLE_IDENTIFIER = com.mob.product.MobLink;
				PRODUCT_NAME = JSPatchDemo;
				PROVISIONING_PROFILE = "";
				PROVISIONING_PROFILE_SPECIFIER = "";
			};
			name = Release;
		};
/* End XCBuildConfiguration section */

/* Begin XCConfigurationList section */
		DE94AE061AF246BF00E461D4 /* Build configuration list for PBXProject "JSPatchDemo" */ = {
			isa = XCConfigurationList;
			buildConfigurations = (
				DE94AE2C1AF246C000E461D4 /* Debug */,
				DE94AE2D1AF246C000E461D4 /* Release */,
			);
			defaultConfigurationIsVisible = 0;
			defaultConfigurationName = Release;
		};
		DE94AE2E1AF246C000E461D4 /* Build configuration list for PBXNativeTarget "JSPatchDemo" */ = {
			isa = XCConfigurationList;
			buildConfigurations = (
				DE94AE2F1AF246C000E461D4 /* Debug */,
				DE94AE301AF246C000E461D4 /* Release */,
			);
			defaultConfigurationIsVisible = 0;
			defaultConfigurationName = Release;
		};
/* End XCConfigurationList section */
	};
	rootObject = DE94AE031AF246BF00E461D4 /* Project object */;
}
